
Microsoft Visual Studio Solution File, Format Version 12.00
# Visual Studio Version 16
VisualStudioVersion = 16.0.31019.35
MinimumVisualStudioVersion = 10.0.40219.1
Project("{2150E333-8FDC-42A3-9474-1A3956D46DE8}") = "src", "src", "{CE358B56-A6E9-4882-9734-F0FDC05AEAF4}"
EndProject
Project("{2150E333-8FDC-42A3-9474-1A3956D46DE8}") = "tests", "tests", "{B42FE6DF-C969-40CA-BC40-D4006B1849FF}"
EndProject
Project("{2150E333-8FDC-42A3-9474-1A3956D46DE8}") = "Wep.Api", "Wep.Api", "{0CBF76F9-EED6-4C04-B36C-A16F3EA70FF9}"
EndProject
Project("{FAE04EC0-301F-11D3-BF4B-00C04F79EFBC}") = "MyMusic.API", "MyMusic.API\MyMusic.API.csproj", "{C15BB225-6A29-48AB-BF24-E228E1D7D481}"
EndProject
Project("{FAE04EC0-301F-11D3-BF4B-00C04F79EFBC}") = "MyMusic.Core", "MyMusic.Core\MyMusic.Core.csproj", "{E40308D2-89C1-42F2-BDB3-773F6403FDF9}"
EndProject
Project("{FAE04EC0-301F-11D3-BF4B-00C04F79EFBC}") = "MyMusic.Services", "MyMusic.Services\MyMusic.Services.csproj", "{38517C92-38F2-4A8F-8814-7667179E830A}"
EndProject
Project("{FAE04EC0-301F-11D3-BF4B-00C04F79EFBC}") = "MyMusic.Data", "MyMusic.Data\MyMusic.Data.csproj", "{6AE38927-1078-41F3-8B03-1C970B092C8F}"
EndProject
Project("{FAE04EC0-301F-11D3-BF4B-00C04F79EFBC}") = "MyMusic.DataMongoDb", "MyMusic.DataMongoDb\MyMusic.DataMongoDb.csproj", "{2788998A-1F9E-4419-8C63-B6E47C9605BC}"
EndProject
Global
	GlobalSection(SolutionConfigurationPlatforms) = preSolution
		Debug|Any CPU = Debug|Any CPU
		Release|Any CPU = Release|Any CPU
	EndGlobalSection
	GlobalSection(ProjectConfigurationPlatforms) = postSolution
		{C15BB225-6A29-48AB-BF24-E228E1D7D481}.Debug|Any CPU.ActiveCfg = Debug|Any CPU
		{C15BB225-6A29-48AB-BF24-E228E1D7D481}.Debug|Any CPU.Build.0 = Debug|Any CPU
		{C15BB225-6A29-48AB-BF24-E228E1D7D481}.Release|Any CPU.ActiveCfg = Release|Any CPU
		{C15BB225-6A29-48AB-BF24-E228E1D7D481}.Release|Any CPU.Build.0 = Release|Any CPU
		{E40308D2-89C1-42F2-BDB3-773F6403FDF9}.Debug|Any CPU.ActiveCfg = Debug|Any CPU
		{E40308D2-89C1-42F2-BDB3-773F6403FDF9}.Debug|Any CPU.Build.0 = Debug|Any CPU
		{E40308D2-89C1-42F2-BDB3-773F6403FDF9}.Release|Any CPU.ActiveCfg = Release|Any CPU
		{E40308D2-89C1-42F2-BDB3-773F6403FDF9}.Release|Any CPU.Build.0 = Release|Any CPU
		{38517C92-38F2-4A8F-8814-7667179E830A}.Debug|Any CPU.ActiveCfg = Debug|Any CPU
		{38517C92-38F2-4A8F-8814-7667179E830A}.Debug|Any CPU.Build.0 = Debug|Any CPU
		{38517C92-38F2-4A8F-8814-7667179E830A}.Release|Any CPU.ActiveCfg = Release|Any CPU
		{38517C92-38F2-4A8F-8814-7667179E830A}.Release|Any CPU.Build.0 = Release|Any CPU
		{6AE38927-1078-41F3-8B03-1C970B092C8F}.Debug|Any CPU.ActiveCfg = Debug|Any CPU
		{6AE38927-1078-41F3-8B03-1C970B092C8F}.Debug|Any CPU.Build.0 = Debug|Any CPU
		{6AE38927-1078-41F3-8B03-1C970B092C8F}.Release|Any CPU.ActiveCfg = Release|Any CPU
		{6AE38927-1078-41F3-8B03-1C970B092C8F}.Release|Any CPU.Build.0 = Release|Any CPU
		{2788998A-1F9E-4419-8C63-B6E47C9605BC}.Debug|Any CPU.ActiveCfg = Debug|Any CPU
		{2788998A-1F9E-4419-8C63-B6E47C9605BC}.Debug|Any CPU.Build.0 = Debug|Any CPU
		{2788998A-1F9E-4419-8C63-B6E47C9605BC}.Release|Any CPU.ActiveCfg = Release|Any CPU
		{2788998A-1F9E-4419-8C63-B6E47C9605BC}.Release|Any CPU.Build.0 = Release|Any CPU
	EndGlobalSection
	GlobalSection(SolutionProperties) = preSolution
		HideSolutionNode = FALSE
	EndGlobalSection
	GlobalSection(NestedProjects) = preSolution
		{0CBF76F9-EED6-4C04-B36C-A16F3EA70FF9} = {CE358B56-A6E9-4882-9734-F0FDC05AEAF4}
		{C15BB225-6A29-48AB-BF24-E228E1D7D481} = {0CBF76F9-EED6-4C04-B36C-A16F3EA70FF9}
		{E40308D2-89C1-42F2-BDB3-773F6403FDF9} = {0CBF76F9-EED6-4C04-B36C-A16F3EA70FF9}
		{38517C92-38F2-4A8F-8814-7667179E830A} = {0CBF76F9-EED6-4C04-B36C-A16F3EA70FF9}
		{6AE38927-1078-41F3-8B03-1C970B092C8F} = {0CBF76F9-EED6-4C04-B36C-A16F3EA70FF9}
		{2788998A-1F9E-4419-8C63-B6E47C9605BC} = {0CBF76F9-EED6-4C04-B36C-A16F3EA70FF9}
	EndGlobalSection
	GlobalSection(ExtensibilityGlobals) = postSolution
		SolutionGuid = {89A78F7D-41E8-4F71-A3D1-CBA6972452C3}
	EndGlobalSection
EndGlobal
